// !$*UTF8*$!
{
	archiveVersion = 1;
	classes = {
	};
	objectVersion = 51;
	objects = {

/* Begin PBXBuildFile section */
		7561A5F9238FC0A20066D005 /* AppDelegate.swift in Sources */ = {isa = PBXBuildFile; fileRef = 7561A5F8238FC0A20066D005 /* AppDelegate.swift */; };
		7561A5FB238FC0A20066D005 /* SceneDelegate.swift in Sources */ = {isa = PBXBuildFile; fileRef = 7561A5FA238FC0A20066D005 /* SceneDelegate.swift */; };
		7561A5FD238FC0A20066D005 /* ContentView.swift in Sources */ = {isa = PBXBuildFile; fileRef = 7561A5FC238FC0A20066D005 /* ContentView.swift */; };
		7561A5FF238FC0A30066D005 /* Assets.xcassets in Resources */ = {isa = PBXBuildFile; fileRef = 7561A5FE238FC0A30066D005 /* Assets.xcassets */; };
		7561A602238FC0A30066D005 /* Preview Assets.xcassets in Resources */ = {isa = PBXBuildFile; fileRef = 7561A601238FC0A30066D005 /* Preview Assets.xcassets */; };
		7561A605238FC0A30066D005 /* LaunchScreen.storyboard in Resources */ = {isa = PBXBuildFile; fileRef = 7561A603238FC0A30066D005 /* LaunchScreen.storyboard */; };
		7561A60D238FC1230066D005 /* AsyncActionFactoryType.swift in Sources */ = {isa = PBXBuildFile; fileRef = 7561A60C238FC1230066D005 /* AsyncActionFactoryType.swift */; };
		7561A60F238FC13C0066D005 /* AsyncActionFactory.swift in Sources */ = {isa = PBXBuildFile; fileRef = 7561A60E238FC13C0066D005 /* AsyncActionFactory.swift */; };
		756864BE239118E0003C4EE7 /* TypedAction.swift in Sources */ = {isa = PBXBuildFile; fileRef = 756864BD239118E0003C4EE7 /* TypedAction.swift */; };
		7569812F2390027D00D96F9C /* TestAction.swift in Sources */ = {isa = PBXBuildFile; fileRef = 7569812E2390027D00D96F9C /* TestAction.swift */; };
		756981312390053F00D96F9C /* ContainerFactory.swift in Sources */ = {isa = PBXBuildFile; fileRef = 756981302390053F00D96F9C /* ContainerFactory.swift */; };
		756981332390055D00D96F9C /* CustomAssembly.swift in Sources */ = {isa = PBXBuildFile; fileRef = 756981322390055D00D96F9C /* CustomAssembly.swift */; };
		75698137239008CB00D96F9C /* TestActionType.swift in Sources */ = {isa = PBXBuildFile; fileRef = 75698136239008CB00D96F9C /* TestActionType.swift */; };
		AEBA966C76E6163F2EB4D2D7 /* Pods_FactoryDI.framework in Frameworks */ = {isa = PBXBuildFile; fileRef = 14A617F7472B2DC615862558 /* Pods_FactoryDI.framework */; };
/* End PBXBuildFile section */

/* Begin PBXFileReference section */
		14A617F7472B2DC615862558 /* Pods_FactoryDI.framework */ = {isa = PBXFileReference; explicitFileType = wrapper.framework; includeInIndex = 0; path = Pods_FactoryDI.framework; sourceTree = BUILT_PRODUCTS_DIR; };
		51B4BB7493A61F36693CB060 /* Pods-FactoryDI.release.xcconfig */ = {isa = PBXFileReference; includeInIndex = 1; lastKnownFileType = text.xcconfig; name = "Pods-FactoryDI.release.xcconfig"; path = "Target Support Files/Pods-FactoryDI/Pods-FactoryDI.release.xcconfig"; sourceTree = "<group>"; };
		55658D4D3BF38F62C923C75D /* Pods-FactoryDI.debug.xcconfig */ = {isa = PBXFileReference; includeInIndex = 1; lastKnownFileType = text.xcconfig; name = "Pods-FactoryDI.debug.xcconfig"; path = "Target Support Files/Pods-FactoryDI/Pods-FactoryDI.debug.xcconfig"; sourceTree = "<group>"; };
		7561A5F5238FC0A20066D005 /* FactoryDI.app */ = {isa = PBXFileReference; explicitFileType = wrapper.application; includeInIndex = 0; path = FactoryDI.app; sourceTree = BUILT_PRODUCTS_DIR; };
		7561A5F8238FC0A20066D005 /* AppDelegate.swift */ = {isa = PBXFileReference; lastKnownFileType = sourcecode.swift; path = AppDelegate.swift; sourceTree = "<group>"; };
		7561A5FA238FC0A20066D005 /* SceneDelegate.swift */ = {isa = PBXFileReference; lastKnownFileType = sourcecode.swift; path = SceneDelegate.swift; sourceTree = "<group>"; };
		7561A5FC238FC0A20066D005 /* ContentView.swift */ = {isa = PBXFileReference; lastKnownFileType = sourcecode.swift; path = ContentView.swift; sourceTree = "<group>"; };
		7561A5FE238FC0A30066D005 /* Assets.xcassets */ = {isa = PBXFileReference; lastKnownFileType = folder.assetcatalog; path = Assets.xcassets; sourceTree = "<group>"; };
		7561A601238FC0A30066D005 /* Preview Assets.xcassets */ = {isa = PBXFileReference; lastKnownFileType = folder.assetcatalog; path = "Preview Assets.xcassets"; sourceTree = "<group>"; };
		7561A604238FC0A30066D005 /* Base */ = {isa = PBXFileReference; lastKnownFileType = file.storyboard; name = Base; path = Base.lproj/LaunchScreen.storyboard; sourceTree = "<group>"; };
		7561A606238FC0A30066D005 /* Info.plist */ = {isa = PBXFileReference; lastKnownFileType = text.plist.xml; path = Info.plist; sourceTree = "<group>"; };
		7561A60C238FC1230066D005 /* AsyncActionFactoryType.swift */ = {isa = PBXFileReference; lastKnownFileType = sourcecode.swift; path = AsyncActionFactoryType.swift; sourceTree = "<group>"; };
		7561A60E238FC13C0066D005 /* AsyncActionFactory.swift */ = {isa = PBXFileReference; lastKnownFileType = sourcecode.swift; path = AsyncActionFactory.swift; sourceTree = "<group>"; };
		756864BD239118E0003C4EE7 /* TypedAction.swift */ = {isa = PBXFileReference; lastKnownFileType = sourcecode.swift; path = TypedAction.swift; sourceTree = "<group>"; };
		7569812E2390027D00D96F9C /* TestAction.swift */ = {isa = PBXFileReference; lastKnownFileType = sourcecode.swift; path = TestAction.swift; sourceTree = "<group>"; };
		756981302390053F00D96F9C /* ContainerFactory.swift */ = {isa = PBXFileReference; lastKnownFileType = sourcecode.swift; path = ContainerFactory.swift; sourceTree = "<group>"; };
		756981322390055D00D96F9C /* CustomAssembly.swift */ = {isa = PBXFileReference; lastKnownFileType = sourcecode.swift; path = CustomAssembly.swift; sourceTree = "<group>"; };
		75698136239008CB00D96F9C /* TestActionType.swift */ = {isa = PBXFileReference; lastKnownFileType = sourcecode.swift; path = TestActionType.swift; sourceTree = "<group>"; };
/* End PBXFileReference section */

/* Begin PBXFrameworksBuildPhase section */
		7561A5F2238FC0A20066D005 /* Frameworks */ = {
			isa = PBXFrameworksBuildPhase;
			buildActionMask = 2147483647;
			files = (
				AEBA966C76E6163F2EB4D2D7 /* Pods_FactoryDI.framework in Frameworks */,
			);
			runOnlyForDeploymentPostprocessing = 0;
		};
/* End PBXFrameworksBuildPhase section */

/* Begin PBXGroup section */
		5AC619416A88ACFF82F28ADA /* Pods */ = {
			isa = PBXGroup;
			children = (
				55658D4D3BF38F62C923C75D /* Pods-FactoryDI.debug.xcconfig */,
				51B4BB7493A61F36693CB060 /* Pods-FactoryDI.release.xcconfig */,
			);
			path = Pods;
			sourceTree = "<group>";
		};
		7561A5EC238FC0A20066D005 = {
			isa = PBXGroup;
			children = (
				7561A5F7238FC0A20066D005 /* FactoryDI */,
				7561A5F6238FC0A20066D005 /* Products */,
				5AC619416A88ACFF82F28ADA /* Pods */,
				D802D74B957A2967203F5919 /* Frameworks */,
			);
			sourceTree = "<group>";
		};
		7561A5F6238FC0A20066D005 /* Products */ = {
			isa = PBXGroup;
			children = (
				7561A5F5238FC0A20066D005 /* FactoryDI.app */,
			);
			name = Products;
			sourceTree = "<group>";
		};
		7561A5F7238FC0A20066D005 /* FactoryDI */ = {
			isa = PBXGroup;
			children = (
				756864BC239118D4003C4EE7 /* type */,
				75698135239008BC00D96F9C /* action */,
				756981342390087B00D96F9C /* di */,
				7561A5F8238FC0A20066D005 /* AppDelegate.swift */,
				7561A5FA238FC0A20066D005 /* SceneDelegate.swift */,
				7561A5FC238FC0A20066D005 /* ContentView.swift */,
				7561A5FE238FC0A30066D005 /* Assets.xcassets */,
				7561A603238FC0A30066D005 /* LaunchScreen.storyboard */,
				7561A606238FC0A30066D005 /* Info.plist */,
				7561A600238FC0A30066D005 /* Preview Content */,
			);
			path = FactoryDI;
			sourceTree = "<group>";
		};
		7561A600238FC0A30066D005 /* Preview Content */ = {
			isa = PBXGroup;
			children = (
				7561A601238FC0A30066D005 /* Preview Assets.xcassets */,
			);
			path = "Preview Content";
			sourceTree = "<group>";
		};
		756864BC239118D4003C4EE7 /* type */ = {
			isa = PBXGroup;
			children = (
				756864BD239118E0003C4EE7 /* TypedAction.swift */,
			);
			path = type;
			sourceTree = "<group>";
		};
		756981342390087B00D96F9C /* di */ = {
			isa = PBXGroup;
			children = (
				756981322390055D00D96F9C /* CustomAssembly.swift */,
				756981302390053F00D96F9C /* ContainerFactory.swift */,
			);
			path = di;
			sourceTree = "<group>";
		};
		75698135239008BC00D96F9C /* action */ = {
			isa = PBXGroup;
			children = (
				7561A60E238FC13C0066D005 /* AsyncActionFactory.swift */,
				7561A60C238FC1230066D005 /* AsyncActionFactoryType.swift */,
				7569812E2390027D00D96F9C /* TestAction.swift */,
				75698136239008CB00D96F9C /* TestActionType.swift */,
			);
			path = action;
			sourceTree = "<group>";
		};
		D802D74B957A2967203F5919 /* Frameworks */ = {
			isa = PBXGroup;
			children = (
				14A617F7472B2DC615862558 /* Pods_FactoryDI.framework */,
			);
			name = Frameworks;
			sourceTree = "<group>";
		};
/* End PBXGroup section */

/* Begin PBXNativeTarget section */
		7561A5F4238FC0A20066D005 /* FactoryDI */ = {
			isa = PBXNativeTarget;
			buildConfigurationList = 7561A609238FC0A30066D005 /* Build configuration list for PBXNativeTarget "FactoryDI" */;
			buildPhases = (
				BF5A7B12A2E0E5F9E369C9B8 /* [CP] Check Pods Manifest.lock */,
				7561A5F1238FC0A20066D005 /* Sources */,
				7561A5F2238FC0A20066D005 /* Frameworks */,
				7561A5F3238FC0A20066D005 /* Resources */,
				FA83C100F99A1D32E9B9C4F0 /* [CP] Embed Pods Frameworks */,
			);
			buildRules = (
			);
			dependencies = (
			);
			name = FactoryDI;
			productName = FactoryDI;
			productReference = 7561A5F5238FC0A20066D005 /* FactoryDI.app */;
			productType = "com.apple.product-type.application";
		};
/* End PBXNativeTarget section */

/* Begin PBXProject section */
		7561A5ED238FC0A20066D005 /* Project object */ = {
			isa = PBXProject;
			attributes = {
				LastSwiftUpdateCheck = 1120;
				LastUpgradeCheck = 1120;
				ORGANIZATIONNAME = "Jakub Mosakowski";
				TargetAttributes = {
					7561A5F4238FC0A20066D005 = {
						CreatedOnToolsVersion = 11.2.1;
					};
				};
			};
			buildConfigurationList = 7561A5F0238FC0A20066D005 /* Build configuration list for PBXProject "FactoryDI" */;
			compatibilityVersion = "Xcode 9.3";
			developmentRegion = en;
			hasScannedForEncodings = 0;
			knownRegions = (
				en,
				Base,
			);
			mainGroup = 7561A5EC238FC0A20066D005;
			productRefGroup = 7561A5F6238FC0A20066D005 /* Products */;
			projectDirPath = "";
			projectRoot = "";
			targets = (
				7561A5F4238FC0A20066D005 /* FactoryDI */,
			);
		};
/* End PBXProject section */

/* Begin PBXResourcesBuildPhase section */
		7561A5F3238FC0A20066D005 /* Resources */ = {
			isa = PBXResourcesBuildPhase;
			buildActionMask = 2147483647;
			files = (
				7561A605238FC0A30066D005 /* LaunchScreen.storyboard in Resources */,
				7561A602238FC0A30066D005 /* Preview Assets.xcassets in Resources */,
				7561A5FF238FC0A30066D005 /* Assets.xcassets in Resources */,
			);
			runOnlyForDeploymentPostprocessing = 0;
		};
/* End PBXResourcesBuildPhase section */

/* Begin PBXShellScriptBuildPhase section */
		BF5A7B12A2E0E5F9E369C9B8 /* [CP] Check Pods Manifest.lock */ = {
			isa = PBXShellScriptBuildPhase;
			buildActionMask = 2147483647;
			files = (
			);
			inputFileListPaths = (
			);
			inputPaths = (
				"${PODS_PODFILE_DIR_PATH}/Podfile.lock",
				"${PODS_ROOT}/Manifest.lock",
			);
			name = "[CP] Check Pods Manifest.lock";
			outputFileListPaths = (
			);
			outputPaths = (
				"$(DERIVED_FILE_DIR)/Pods-FactoryDI-checkManifestLockResult.txt",
			);
			runOnlyForDeploymentPostprocessing = 0;
			shellPath = /bin/sh;
			shellScript = "diff \"${PODS_PODFILE_DIR_PATH}/Podfile.lock\" \"${PODS_ROOT}/Manifest.lock\" > /dev/null\nif [ $? != 0 ] ; then\n    # print error to STDERR\n    echo \"error: The sandbox is not in sync with the Podfile.lock. Run 'pod install' or update your CocoaPods installation.\" >&2\n    exit 1\nfi\n# This output is used by Xcode 'outputs' to avoid re-running this script phase.\necho \"SUCCESS\" > \"${SCRIPT_OUTPUT_FILE_0}\"\n";
			showEnvVarsInLog = 0;
		};
		FA83C100F99A1D32E9B9C4F0 /* [CP] Embed Pods Frameworks */ = {
			isa = PBXShellScriptBuildPhase;
			buildActionMask = 2147483647;
			files = (
			);
			inputFileListPaths = (
				"${PODS_ROOT}/Target Support Files/Pods-FactoryDI/Pods-FactoryDI-frameworks-${CONFIGURATION}-input-files.xcfilelist",
			);
			name = "[CP] Embed Pods Frameworks";
			outputFileListPaths = (
				"${PODS_ROOT}/Target Support Files/Pods-FactoryDI/Pods-FactoryDI-frameworks-${CONFIGURATION}-output-files.xcfilelist",
			);
			runOnlyForDeploymentPostprocessing = 0;
			shellPath = /bin/sh;
			shellScript = "\"${PODS_ROOT}/Target Support Files/Pods-FactoryDI/Pods-FactoryDI-frameworks.sh\"\n";
			showEnvVarsInLog = 0;
		};
/* End PBXShellScriptBuildPhase section */

/* Begin PBXSourcesBuildPhase section */
		7561A5F1238FC0A20066D005 /* Sources */ = {
			isa = PBXSourcesBuildPhase;
			buildActionMask = 2147483647;
			files = (
				756981312390053F00D96F9C /* ContainerFactory.swift in Sources */,
				756981332390055D00D96F9C /* CustomAssembly.swift in Sources */,
				7561A60F238FC13C0066D005 /* AsyncActionFactory.swift in Sources */,
				7561A5F9238FC0A20066D005 /* AppDelegate.swift in Sources */,
				7561A60D238FC1230066D005 /* AsyncActionFactoryType.swift in Sources */,
				756864BE239118E0003C4EE7 /* TypedAction.swift in Sources */,
				7561A5FB238FC0A20066D005 /* SceneDelegate.swift in Sources */,
				7569812F2390027D00D96F9C /* TestAction.swift in Sources */,
				7561A5FD238FC0A20066D005 /* ContentView.swift in Sources */,
				75698137239008CB00D96F9C /* TestActionType.swift in Sources */,
			);
			runOnlyForDeploymentPostprocessing = 0;
		};
/* End PBXSourcesBuildPhase section */

/* Begin PBXVariantGroup section */
		7561A603238FC0A30066D005 /* LaunchScreen.storyboard */ = {
			isa = PBXVariantGroup;
			children = (
				7561A604238FC0A30066D005 /* Base */,
			);
			name = LaunchScreen.storyboard;
			sourceTree = "<group>";
		};
/* End PBXVariantGroup section */

/* Begin XCBuildConfiguration section */
		7561A607238FC0A30066D005 /* Debug */ = {
			isa = XCBuildConfiguration;
			buildSettings = {
				ALWAYS_SEARCH_USER_PATHS = NO;
				CLANG_ANALYZER_NONNULL = YES;
				CLANG_ANALYZER_NUMBER_OBJECT_CONVERSION = YES_AGGRESSIVE;
				CLANG_CXX_LANGUAGE_STANDARD = "gnu++14";
				CLANG_CXX_LIBRARY = "libc++";
				CLANG_ENABLE_MODULES = YES;
				CLANG_ENABLE_OBJC_ARC = YES;
				CLANG_ENABLE_OBJC_WEAK = YES;
				CLANG_WARN_BLOCK_CAPTURE_AUTORELEASING = YES;
				CLANG_WARN_BOOL_CONVERSION = YES;
				CLANG_WARN_COMMA = YES;
				CLANG_WARN_CONSTANT_CONVERSION = YES;
				CLANG_WARN_DEPRECATED_OBJC_IMPLEMENTATIONS = YES;
				CLANG_WARN_DIRECT_OBJC_ISA_USAGE = YES_ERROR;
				CLANG_WARN_DOCUMENTATION_COMMENTS = YES;
				CLANG_WARN_EMPTY_BODY = YES;
				CLANG_WARN_ENUM_CONVERSION = YES;
				CLANG_WARN_INFINITE_RECURSION = YES;
				CLANG_WARN_INT_CONVERSION = YES;
				CLANG_WARN_NON_LITERAL_NULL_CONVERSION = YES;
				CLANG_WARN_OBJC_IMPLICIT_RETAIN_SELF = YES;
				CLANG_WARN_OBJC_LITERAL_CONVERSION = YES;
				CLANG_WARN_OBJC_ROOT_CLASS = YES_ERROR;
				CLANG_WARN_RANGE_LOOP_ANALYSIS = YES;
				CLANG_WARN_STRICT_PROTOTYPES = YES;
				CLANG_WARN_SUSPICIOUS_MOVE = YES;
				CLANG_WARN_UNGUARDED_AVAILABILITY = YES_AGGRESSIVE;
				CLANG_WARN_UNREACHABLE_CODE = YES;
				CLANG_WARN__DUPLICATE_METHOD_MATCH = YES;
				COPY_PHASE_STRIP = NO;
				DEBUG_INFORMATION_FORMAT = dwarf;
				ENABLE_STRICT_OBJC_MSGSEND = YES;
				ENABLE_TESTABILITY = YES;
				GCC_C_LANGUAGE_STANDARD = gnu11;
				GCC_DYNAMIC_NO_PIC = NO;
				GCC_NO_COMMON_BLOCKS = YES;
				GCC_OPTIMIZATION_LEVEL = 0;
				GCC_PREPROCESSOR_DEFINITIONS = (
					"DEBUG=1",
					"$(inherited)",
				);
				GCC_WARN_64_TO_32_BIT_CONVERSION = YES;
				GCC_WARN_ABOUT_RETURN_TYPE = YES_ERROR;
				GCC_WARN_UNDECLARED_SELECTOR = YES;
				GCC_WARN_UNINITIALIZED_AUTOS = YES_AGGRESSIVE;
				GCC_WARN_UNUSED_FUNCTION = YES;
				GCC_WARN_UNUSED_VARIABLE = YES;
				IPHONEOS_DEPLOYMENT_TARGET = 13.2;
				MTL_ENABLE_DEBUG_INFO = INCLUDE_SOURCE;
				MTL_FAST_MATH = YES;
				ONLY_ACTIVE_ARCH = YES;
				SDKROOT = iphoneos;
				SWIFT_ACTIVE_COMPILATION_CONDITIONS = DEBUG;
				SWIFT_OPTIMIZATION_LEVEL = "-Onone";
			};
			name = Debug;
		};
		7561A608238FC0A30066D005 /* Release */ = {
			isa = XCBuildConfiguration;
			buildSettings = {
				ALWAYS_SEARCH_USER_PATHS = NO;
				CLANG_ANALYZER_NONNULL = YES;
				CLANG_ANALYZER_NUMBER_OBJECT_CONVERSION = YES_AGGRESSIVE;
				CLANG_CXX_LANGUAGE_STANDARD = "gnu++14";
				CLANG_CXX_LIBRARY = "libc++";
				CLANG_ENABLE_MODULES = YES;
				CLANG_ENABLE_OBJC_ARC = YES;
				CLANG_ENABLE_OBJC_WEAK = YES;
				CLANG_WARN_BLOCK_CAPTURE_AUTORELEASING = YES;
				CLANG_WARN_BOOL_CONVERSION = YES;
				CLANG_WARN_COMMA = YES;
				CLANG_WARN_CONSTANT_CONVERSION = YES;
				CLANG_WARN_DEPRECATED_OBJC_IMPLEMENTATIONS = YES;
				CLANG_WARN_DIRECT_OBJC_ISA_USAGE = YES_ERROR;
				CLANG_WARN_DOCUMENTATION_COMMENTS = YES;
				CLANG_WARN_EMPTY_BODY = YES;
				CLANG_WARN_ENUM_CONVERSION = YES;
				CLANG_WARN_INFINITE_RECURSION = YES;
				CLANG_WARN_INT_CONVERSION = YES;
				CLANG_WARN_NON_LITERAL_NULL_CONVERSION = YES;
				CLANG_WARN_OBJC_IMPLICIT_RETAIN_SELF = YES;
				CLANG_WARN_OBJC_LITERAL_CONVERSION = YES;
				CLANG_WARN_OBJC_ROOT_CLASS = YES_ERROR;
				CLANG_WARN_RANGE_LOOP_ANALYSIS = YES;
				CLANG_WARN_STRICT_PROTOTYPES = YES;
				CLANG_WARN_SUSPICIOUS_MOVE = YES;
				CLANG_WARN_UNGUARDED_AVAILABILITY = YES_AGGRESSIVE;
				CLANG_WARN_UNREACHABLE_CODE = YES;
				CLANG_WARN__DUPLICATE_METHOD_MATCH = YES;
				COPY_PHASE_STRIP = NO;
				DEBUG_INFORMATION_FORMAT = "dwarf-with-dsym";
				ENABLE_NS_ASSERTIONS = NO;
				ENABLE_STRICT_OBJC_MSGSEND = YES;
				GCC_C_LANGUAGE_STANDARD = gnu11;
				GCC_NO_COMMON_BLOCKS = YES;
				GCC_WARN_64_TO_32_BIT_CONVERSION = YES;
				GCC_WARN_ABOUT_RETURN_TYPE = YES_ERROR;
				GCC_WARN_UNDECLARED_SELECTOR = YES;
				GCC_WARN_UNINITIALIZED_AUTOS = YES_AGGRESSIVE;
				GCC_WARN_UNUSED_FUNCTION = YES;
				GCC_WARN_UNUSED_VARIABLE = YES;
				IPHONEOS_DEPLOYMENT_TARGET = 13.2;
				MTL_ENABLE_DEBUG_INFO = NO;
				MTL_FAST_MATH = YES;
				SDKROOT = iphoneos;
				SWIFT_COMPILATION_MODE = wholemodule;
				SWIFT_OPTIMIZATION_LEVEL = "-O";
				VALIDATE_PRODUCT = YES;
			};
			name = Release;
		};
		7561A60A238FC0A30066D005 /* Debug */ = {
			isa = XCBuildConfiguration;
			baseConfigurationReference = 55658D4D3BF38F62C923C75D /* Pods-FactoryDI.debug.xcconfig */;
			buildSettings = {
				ASSETCATALOG_COMPILER_APPICON_NAME = AppIcon;
				CODE_SIGN_STYLE = Automatic;
				DEVELOPMENT_ASSET_PATHS = "\"FactoryDI/Preview Content\"";
				DEVELOPMENT_TEAM = T2N6WW5DK5;
				ENABLE_PREVIEWS = YES;
				INFOPLIST_FILE = FactoryDI/Info.plist;
				LD_RUNPATH_SEARCH_PATHS = (
					"$(inherited)",
					"@executable_path/Frameworks",
				);
				PRODUCT_BUNDLE_IDENTIFIER = com.kuba.FactoryDI;
				PRODUCT_NAME = "$(TARGET_NAME)";
				SWIFT_VERSION = 5.0;
				TARGETED_DEVICE_FAMILY = "1,2";
			};
			name = Debug;
		};
		7561A60B238FC0A30066D005 /* Release */ = {
			isa = XCBuildConfiguration;
			baseConfigurationReference = 51B4BB7493A61F36693CB060 /* Pods-FactoryDI.release.xcconfig */;
			buildSettings = {
				ASSETCATALOG_COMPILER_APPICON_NAME = AppIcon;
				CODE_SIGN_STYLE = Automatic;
				DEVELOPMENT_ASSET_PATHS = "\"FactoryDI/Preview Content\"";
				DEVELOPMENT_TEAM = T2N6WW5DK5;
				ENABLE_PREVIEWS = YES;
				INFOPLIST_FILE = FactoryDI/Info.plist;
				LD_RUNPATH_SEARCH_PATHS = (
					"$(inherited)",
					"@executable_path/Frameworks",
				);
				PRODUCT_BUNDLE_IDENTIFIER = com.kuba.FactoryDI;
				PRODUCT_NAME = "$(TARGET_NAME)";
				SWIFT_VERSION = 5.0;
				TARGETED_DEVICE_FAMILY = "1,2";
			};
			name = Release;
		};
/* End XCBuildConfiguration section */

/* Begin XCConfigurationList section */
		7561A5F0238FC0A20066D005 /* Build configuration list for PBXProject "FactoryDI" */ = {
			isa = XCConfigurationList;
			buildConfigurations = (
				7561A607238FC0A30066D005 /* Debug */,
				7561A608238FC0A30066D005 /* Release */,
			);
			defaultConfigurationIsVisible = 0;
			defaultConfigurationName = Release;
		};
		7561A609238FC0A30066D005 /* Build configuration list for PBXNativeTarget "FactoryDI" */ = {
			isa = XCConfigurationList;
			buildConfigurations = (
				7561A60A238FC0A30066D005 /* Debug */,
				7561A60B238FC0A30066D005 /* Release */,
			);
			defaultConfigurationIsVisible = 0;
			defaultConfigurationName = Release;
		};
/* End XCConfigurationList section */
	};
	rootObject = 7561A5ED238FC0A20066D005 /* Project object */;
}
