PODS:
  - NeedleFoundation (0.10.0)

DEPENDENCIES:
  - NeedleFoundation

SPEC REPOS:
  https://github.com/CocoaPods/Specs.git:
    - NeedleFoundation

SPEC CHECKSUMS:
  NeedleFoundation: 5622f7c05f51fe185925969145e7bcf065d35650

PODFILE CHECKSUM: c65c9190edc7db112b2b3c3a65a3a7342f94b2ad

COCOAPODS: 1.8.4
